
Microsoft Visual Studio Solution File, Format Version 12.00
# Visual Studio Version 17
VisualStudioVersion = 17.7.34024.191
MinimumVisualStudioVersion = 10.0.40219.1
Project("{FAE04EC0-301F-11D3-BF4B-00C04F79EFBC}") = "SuggestionAppUI", "SuggestionAppUI\SuggestionAppUI.csproj", "{BE419BEC-1AA0-4134-9384-5371BE1ACED2}"
EndProject
Project("{FAE04EC0-301F-11D3-BF4B-00C04F79EFBC}") = "SuggestionAppLibrary", "SuggestionAppLibrary\SuggestionAppLibrary.csproj", "{6312BB95-D283-4FEE-BE57-120CE94EB84B}"
EndProject
Global
	GlobalSection(SolutionConfigurationPlatforms) = preSolution
		Debug|Any CPU = Debug|Any CPU
		Release|Any CPU = Release|Any CPU
	EndGlobalSection
	GlobalSection(ProjectConfigurationPlatforms) = postSolution
		{BE419BEC-1AA0-4134-9384-5371BE1ACED2}.Debug|Any CPU.ActiveCfg = Debug|Any CPU
		{BE419BEC-1AA0-4134-9384-5371BE1ACED2}.Debug|Any CPU.Build.0 = Debug|Any CPU
		{BE419BEC-1AA0-4134-9384-5371BE1ACED2}.Release|Any CPU.ActiveCfg = Release|Any CPU
		{BE419BEC-1AA0-4134-9384-5371BE1ACED2}.Release|Any CPU.Build.0 = Release|Any CPU
		{6312BB95-D283-4FEE-BE57-120CE94EB84B}.Debug|Any CPU.ActiveCfg = Debug|Any CPU
		{6312BB95-D283-4FEE-BE57-120CE94EB84B}.Debug|Any CPU.Build.0 = Debug|Any CPU
		{6312BB95-D283-4FEE-BE57-120CE94EB84B}.Release|Any CPU.ActiveCfg = Release|Any CPU
		{6312BB95-D283-4FEE-BE57-120CE94EB84B}.Release|Any CPU.Build.0 = Release|Any CPU
	EndGlobalSection
	GlobalSection(SolutionProperties) = preSolution
		HideSolutionNode = FALSE
	EndGlobalSection
	GlobalSection(ExtensibilityGlobals) = postSolution
		SolutionGuid = {FB3BDAAD-5440-4C86-B109-4C72D02CA064}
	EndGlobalSection
EndGlobal
